
Microsoft Visual Studio Solution File, Format Version 12.00
# Visual Studio 15
VisualStudioVersion = 15.0.26730.12
MinimumVisualStudioVersion = 10.0.40219.1
Project("{FAE04EC0-301F-11D3-BF4B-00C04F79EFBC}") = "PacsOnCloud", "PacsOnCloud\PacsOnCloud.csproj", "{176B5258-3F8A-457B-8FD8-7330E6122E15}"
EndProject
Project("{9A19103F-16F7-4668-BE54-9A1E7A4F7556}") = "DataModel", "DataModel\DataModel.csproj", "{B725594A-4E01-4499-9328-1A5E8280E4BF}"
EndProject
Project("{FAE04EC0-301F-11D3-BF4B-00C04F79EFBC}") = "PacsClientTest", "PacsClientTest\PacsClientTest.csproj", "{38F17A77-6B52-4698-BC5D-023ABA38EB8D}"
EndProject
Project("{9A19103F-16F7-4668-BE54-9A1E7A4F7556}") = "PacsWeb", "PacsWeb\PacsWeb.csproj", "{B500BE2B-DF8F-4D0C-B4CA-44B0300CC48B}"
EndProject
Project("{8BC9CEB8-8B4A-11D0-8D11-00A0C91BC942}") = "CClientTest", "CClientTest\CClientTest.vcxproj", "{900BC0D5-E5ED-4776-907E-133860D74FB6}"
EndProject
Global
	GlobalSection(SolutionConfigurationPlatforms) = preSolution
		Debug|Any CPU = Debug|Any CPU
		Debug|x64 = Debug|x64
		Debug|x86 = Debug|x86
		Release|Any CPU = Release|Any CPU
		Release|x64 = Release|x64
		Release|x86 = Release|x86
	EndGlobalSection
	GlobalSection(ProjectConfigurationPlatforms) = postSolution
		{176B5258-3F8A-457B-8FD8-7330E6122E15}.Debug|Any CPU.ActiveCfg = Debug|Any CPU
		{176B5258-3F8A-457B-8FD8-7330E6122E15}.Debug|Any CPU.Build.0 = Debug|Any CPU
		{176B5258-3F8A-457B-8FD8-7330E6122E15}.Debug|x64.ActiveCfg = Debug|Any CPU
		{176B5258-3F8A-457B-8FD8-7330E6122E15}.Debug|x64.Build.0 = Debug|Any CPU
		{176B5258-3F8A-457B-8FD8-7330E6122E15}.Debug|x86.ActiveCfg = Debug|Any CPU
		{176B5258-3F8A-457B-8FD8-7330E6122E15}.Debug|x86.Build.0 = Debug|Any CPU
		{176B5258-3F8A-457B-8FD8-7330E6122E15}.Release|Any CPU.ActiveCfg = Release|Any CPU
		{176B5258-3F8A-457B-8FD8-7330E6122E15}.Release|Any CPU.Build.0 = Release|Any CPU
		{176B5258-3F8A-457B-8FD8-7330E6122E15}.Release|x64.ActiveCfg = Release|Any CPU
		{176B5258-3F8A-457B-8FD8-7330E6122E15}.Release|x64.Build.0 = Release|Any CPU
		{176B5258-3F8A-457B-8FD8-7330E6122E15}.Release|x86.ActiveCfg = Release|Any CPU
		{176B5258-3F8A-457B-8FD8-7330E6122E15}.Release|x86.Build.0 = Release|Any CPU
		{B725594A-4E01-4499-9328-1A5E8280E4BF}.Debug|Any CPU.ActiveCfg = Debug|Any CPU
		{B725594A-4E01-4499-9328-1A5E8280E4BF}.Debug|Any CPU.Build.0 = Debug|Any CPU
		{B725594A-4E01-4499-9328-1A5E8280E4BF}.Debug|x64.ActiveCfg = Debug|Any CPU
		{B725594A-4E01-4499-9328-1A5E8280E4BF}.Debug|x64.Build.0 = Debug|Any CPU
		{B725594A-4E01-4499-9328-1A5E8280E4BF}.Debug|x86.ActiveCfg = Debug|Any CPU
		{B725594A-4E01-4499-9328-1A5E8280E4BF}.Debug|x86.Build.0 = Debug|Any CPU
		{B725594A-4E01-4499-9328-1A5E8280E4BF}.Release|Any CPU.ActiveCfg = Release|Any CPU
		{B725594A-4E01-4499-9328-1A5E8280E4BF}.Release|Any CPU.Build.0 = Release|Any CPU
		{B725594A-4E01-4499-9328-1A5E8280E4BF}.Release|x64.ActiveCfg = Release|Any CPU
		{B725594A-4E01-4499-9328-1A5E8280E4BF}.Release|x64.Build.0 = Release|Any CPU
		{B725594A-4E01-4499-9328-1A5E8280E4BF}.Release|x86.ActiveCfg = Release|Any CPU
		{B725594A-4E01-4499-9328-1A5E8280E4BF}.Release|x86.Build.0 = Release|Any CPU
		{38F17A77-6B52-4698-BC5D-023ABA38EB8D}.Debug|Any CPU.ActiveCfg = Debug|Any CPU
		{38F17A77-6B52-4698-BC5D-023ABA38EB8D}.Debug|Any CPU.Build.0 = Debug|Any CPU
		{38F17A77-6B52-4698-BC5D-023ABA38EB8D}.Debug|x64.ActiveCfg = Debug|Any CPU
		{38F17A77-6B52-4698-BC5D-023ABA38EB8D}.Debug|x64.Build.0 = Debug|Any CPU
		{38F17A77-6B52-4698-BC5D-023ABA38EB8D}.Debug|x86.ActiveCfg = Debug|Any CPU
		{38F17A77-6B52-4698-BC5D-023ABA38EB8D}.Debug|x86.Build.0 = Debug|Any CPU
		{38F17A77-6B52-4698-BC5D-023ABA38EB8D}.Release|Any CPU.ActiveCfg = Release|Any CPU
		{38F17A77-6B52-4698-BC5D-023ABA38EB8D}.Release|Any CPU.Build.0 = Release|Any CPU
		{38F17A77-6B52-4698-BC5D-023ABA38EB8D}.Release|x64.ActiveCfg = Release|Any CPU
		{38F17A77-6B52-4698-BC5D-023ABA38EB8D}.Release|x64.Build.0 = Release|Any CPU
		{38F17A77-6B52-4698-BC5D-023ABA38EB8D}.Release|x86.ActiveCfg = Release|Any CPU
		{38F17A77-6B52-4698-BC5D-023ABA38EB8D}.Release|x86.Build.0 = Release|Any CPU
		{B500BE2B-DF8F-4D0C-B4CA-44B0300CC48B}.Debug|Any CPU.ActiveCfg = Debug|Any CPU
		{B500BE2B-DF8F-4D0C-B4CA-44B0300CC48B}.Debug|Any CPU.Build.0 = Debug|Any CPU
		{B500BE2B-DF8F-4D0C-B4CA-44B0300CC48B}.Debug|x64.ActiveCfg = Debug|Any CPU
		{B500BE2B-DF8F-4D0C-B4CA-44B0300CC48B}.Debug|x64.Build.0 = Debug|Any CPU
		{B500BE2B-DF8F-4D0C-B4CA-44B0300CC48B}.Debug|x86.ActiveCfg = Debug|Any CPU
		{B500BE2B-DF8F-4D0C-B4CA-44B0300CC48B}.Debug|x86.Build.0 = Debug|Any CPU
		{B500BE2B-DF8F-4D0C-B4CA-44B0300CC48B}.Release|Any CPU.ActiveCfg = Release|Any CPU
		{B500BE2B-DF8F-4D0C-B4CA-44B0300CC48B}.Release|Any CPU.Build.0 = Release|Any CPU
		{B500BE2B-DF8F-4D0C-B4CA-44B0300CC48B}.Release|x64.ActiveCfg = Release|Any CPU
		{B500BE2B-DF8F-4D0C-B4CA-44B0300CC48B}.Release|x64.Build.0 = Release|Any CPU
		{B500BE2B-DF8F-4D0C-B4CA-44B0300CC48B}.Release|x86.ActiveCfg = Release|Any CPU
		{B500BE2B-DF8F-4D0C-B4CA-44B0300CC48B}.Release|x86.Build.0 = Release|Any CPU
		{900BC0D5-E5ED-4776-907E-133860D74FB6}.Debug|Any CPU.ActiveCfg = Debug|Win32
		{900BC0D5-E5ED-4776-907E-133860D74FB6}.Debug|x64.ActiveCfg = Debug|x64
		{900BC0D5-E5ED-4776-907E-133860D74FB6}.Debug|x64.Build.0 = Debug|x64
		{900BC0D5-E5ED-4776-907E-133860D74FB6}.Debug|x86.ActiveCfg = Debug|Win32
		{900BC0D5-E5ED-4776-907E-133860D74FB6}.Debug|x86.Build.0 = Debug|Win32
		{900BC0D5-E5ED-4776-907E-133860D74FB6}.Release|Any CPU.ActiveCfg = Release|Win32
		{900BC0D5-E5ED-4776-907E-133860D74FB6}.Release|x64.ActiveCfg = Release|x64
		{900BC0D5-E5ED-4776-907E-133860D74FB6}.Release|x64.Build.0 = Release|x64
		{900BC0D5-E5ED-4776-907E-133860D74FB6}.Release|x86.ActiveCfg = Release|Win32
		{900BC0D5-E5ED-4776-907E-133860D74FB6}.Release|x86.Build.0 = Release|Win32
	EndGlobalSection
	GlobalSection(SolutionProperties) = preSolution
		HideSolutionNode = FALSE
	EndGlobalSection
	GlobalSection(ExtensibilityGlobals) = postSolution
		SolutionGuid = {AB5737FB-BA5E-412C-B43C-F5C981F17F36}
	EndGlobalSection
EndGlobal
